{
    "version": 3,
    "terraform_version": "0.11.10",
    "serial": 18,
    "lineage": "1f6a55a0-6cdb-e503-b400-b1086ab31a66",
    "modules": [
        {
            "path": [
                "root"
            ],
            "outputs": {},
            "resources": {
                "aws_default_vpc.default": {
                    "type": "aws_default_vpc",
                    "depends_on": [],
                    "primary": {
                        "id": "vpc-ec488994",
                        "attributes": {
                            "arn": "arn:aws:ec2:us-west-2:964887612364:vpc/vpc-ec488994",
                            "assign_generated_ipv6_cidr_block": "false",
                            "cidr_block": "172.31.0.0/16",
                            "default_network_acl_id": "acl-48075f30",
                            "default_route_table_id": "rtb-83cf6df8",
                            "default_security_group_id": "sg-7dbf780f",
                            "dhcp_options_id": "dopt-087d8370",
                            "enable_classiclink": "false",
                            "enable_classiclink_dns_support": "false",
                            "enable_dns_hostnames": "true",
                            "enable_dns_support": "true",
                            "id": "vpc-ec488994",
                            "instance_tenancy": "default",
                            "ipv6_association_id": "",
                            "ipv6_cidr_block": "",
                            "main_route_table_id": "rtb-83cf6df8",
                            "tags.%": "1",
                            "tags.Name": "Default VPC"
                        },
                        "meta": {
                            "schema_version": "1"
                        },
                        "tainted": false
                    },
                    "deposed": [],
                    "provider": "provider.aws"
                },
                "aws_key_pair.ansible": {
                    "type": "aws_key_pair",
                    "depends_on": [],
                    "primary": {
                        "id": "ansible-key",
                        "attributes": {
                            "fingerprint": "de:d4:f9:91:49:d5:8c:31:6b:fe:0a:f6:36:52:4f:c0",
                            "id": "ansible-key",
                            "key_name": "ansible-key",
                            "public_key": "ssh-rsa AAAAB3NzaC1yc2EAAAADAQABAAABAQDr1Av8Kj8LqsI6cK31n4IElsxsGemzDXAI8NSCSRtTlNh8dJIIXpWnrGFSM9NU8++4qQmlYv+5uRhKS1SMZcPgRlcNGIBGLQxolFVw437zvt5O5mgLePRjgXpQWF/0fwx4iKark9Djyt8eHjSbTHCqpflT2xgFPMq0sJFJWmIMcGMkIh436AbjubvlgB8K1CGJzbTM4xHhlEywrggDekUcvXD2IKQFHAbO1pU/47krLdaOEhY0KeHnxfrBLU4RLxn1lyQkWLqLvuM+7o4j5lcMS/v3CC5t8I80uMByK76TC7qFOmZdU0jdo0tJBDzCBw1EmjIkD9urO1ZfL+r7FSbH xerus@goishi"
                        },
                        "meta": {
                            "schema_version": "1"
                        },
                        "tainted": false
                    },
                    "deposed": [],
                    "provider": "provider.aws"
                },
                "aws_security_group.allow_external_communication": {
                    "type": "aws_security_group",
                    "depends_on": [],
                    "primary": {
                        "id": "sg-072732cadf513f1bf",
                        "attributes": {
                            "arn": "arn:aws:ec2:us-west-2:964887612364:security-group/sg-072732cadf513f1bf",
                            "description": "Allow system reach other servers",
                            "egress.#": "1",
                            "egress.1403647648.cidr_blocks.#": "1",
                            "egress.1403647648.cidr_blocks.0": "0.0.0.0/0",
                            "egress.1403647648.description": "",
                            "egress.1403647648.from_port": "0",
                            "egress.1403647648.ipv6_cidr_blocks.#": "0",
                            "egress.1403647648.prefix_list_ids.#": "0",
                            "egress.1403647648.protocol": "tcp",
                            "egress.1403647648.security_groups.#": "0",
                            "egress.1403647648.self": "false",
                            "egress.1403647648.to_port": "65535",
                            "id": "sg-072732cadf513f1bf",
                            "ingress.#": "0",
                            "name": "allow_external_communication",
                            "owner_id": "964887612364",
                            "revoke_rules_on_delete": "false",
                            "tags.%": "1",
                            "tags.Name": "allow_external_comm",
                            "vpc_id": "vpc-ec488994"
                        },
                        "meta": {
                            "e2bfb730-ecaa-11e6-8f88-34363bc7c4c0": {
                                "create": 600000000000,
                                "delete": 600000000000
                            },
                            "schema_version": "1"
                        },
                        "tainted": false
                    },
                    "deposed": [],
                    "provider": "provider.aws"
                },
                "aws_security_group.allow_mysql_internal": {
                    "type": "aws_security_group",
                    "depends_on": [
                        "aws_subnet.web-public-2a"
                    ],
                    "primary": {
                        "id": "sg-09120551c0474d4c7",
                        "attributes": {
                            "arn": "arn:aws:ec2:us-west-2:964887612364:security-group/sg-09120551c0474d4c7",
                            "description": "Allow Mysql connexion from web server",
                            "egress.#": "0",
                            "id": "sg-09120551c0474d4c7",
                            "ingress.#": "1",
                            "ingress.423691546.cidr_blocks.#": "1",
                            "ingress.423691546.cidr_blocks.0": "172.31.60.0/27",
                            "ingress.423691546.description": "",
                            "ingress.423691546.from_port": "3306",
                            "ingress.423691546.ipv6_cidr_blocks.#": "0",
                            "ingress.423691546.prefix_list_ids.#": "0",
                            "ingress.423691546.protocol": "tcp",
                            "ingress.423691546.security_groups.#": "0",
                            "ingress.423691546.self": "false",
                            "ingress.423691546.to_port": "3306",
                            "name": "allow_mysql_internal",
                            "owner_id": "964887612364",
                            "revoke_rules_on_delete": "false",
                            "tags.%": "1",
                            "tags.Name": "allow_mysql_internal",
                            "vpc_id": "vpc-ec488994"
                        },
                        "meta": {
                            "e2bfb730-ecaa-11e6-8f88-34363bc7c4c0": {
                                "create": 600000000000,
                                "delete": 600000000000
                            },
                            "schema_version": "1"
                        },
                        "tainted": false
                    },
                    "deposed": [],
                    "provider": "provider.aws"
                },
                "aws_security_group.allow_remote_admin": {
                    "type": "aws_security_group",
                    "depends_on": [],
                    "primary": {
                        "id": "sg-0fe973315fe9ece9c",
                        "attributes": {
                            "arn": "arn:aws:ec2:us-west-2:964887612364:security-group/sg-0fe973315fe9ece9c",
                            "description": "Allow ssh and RDP inbound traffic",
                            "egress.#": "0",
                            "id": "sg-0fe973315fe9ece9c",
                            "ingress.#": "2",
                            "ingress.2223400681.cidr_blocks.#": "1",
                            "ingress.2223400681.cidr_blocks.0": "0.0.0.0/0",
                            "ingress.2223400681.description": "",
                            "ingress.2223400681.from_port": "3389",
                            "ingress.2223400681.ipv6_cidr_blocks.#": "0",
                            "ingress.2223400681.prefix_list_ids.#": "0",
                            "ingress.2223400681.protocol": "tcp",
                            "ingress.2223400681.security_groups.#": "0",
                            "ingress.2223400681.self": "false",
                            "ingress.2223400681.to_port": "3389",
                            "ingress.2541437006.cidr_blocks.#": "1",
                            "ingress.2541437006.cidr_blocks.0": "0.0.0.0/0",
                            "ingress.2541437006.description": "",
                            "ingress.2541437006.from_port": "22",
                            "ingress.2541437006.ipv6_cidr_blocks.#": "0",
                            "ingress.2541437006.prefix_list_ids.#": "0",
                            "ingress.2541437006.protocol": "tcp",
                            "ingress.2541437006.security_groups.#": "0",
                            "ingress.2541437006.self": "false",
                            "ingress.2541437006.to_port": "22",
                            "name": "allow_remote_admin",
                            "owner_id": "964887612364",
                            "revoke_rules_on_delete": "false",
                            "tags.%": "1",
                            "tags.Name": "allow_remote_admin",
                            "vpc_id": "vpc-ec488994"
                        },
                        "meta": {
                            "e2bfb730-ecaa-11e6-8f88-34363bc7c4c0": {
                                "create": 600000000000,
                                "delete": 600000000000
                            },
                            "schema_version": "1"
                        },
                        "tainted": false
                    },
                    "deposed": [],
                    "provider": "provider.aws"
                },
                "aws_subnet.bd-private-2a": {
                    "type": "aws_subnet",
                    "depends_on": [
                        "aws_default_vpc.default"
                    ],
                    "primary": {
                        "id": "subnet-09ccf71f6b4f69301",
                        "attributes": {
                            "arn": "arn:aws:ec2:us-west-2:964887612364:subnet/subnet-09ccf71f6b4f69301",
                            "assign_ipv6_address_on_creation": "false",
                            "availability_zone": "us-west-2a",
                            "cidr_block": "172.31.50.0/27",
                            "id": "subnet-09ccf71f6b4f69301",
                            "map_public_ip_on_launch": "false",
                            "tags.%": "1",
                            "tags.Name": "BD",
                            "vpc_id": "vpc-ec488994"
                        },
                        "meta": {
                            "e2bfb730-ecaa-11e6-8f88-34363bc7c4c0": {
                                "create": 600000000000,
                                "delete": 600000000000
                            },
                            "schema_version": "1"
                        },
                        "tainted": false
                    },
                    "deposed": [],
                    "provider": "provider.aws"
                },
                "aws_subnet.web-public-2a": {
                    "type": "aws_subnet",
                    "depends_on": [
                        "aws_default_vpc.default"
                    ],
                    "primary": {
                        "id": "subnet-0d42a6aee6cbb7ea9",
                        "attributes": {
                            "arn": "arn:aws:ec2:us-west-2:964887612364:subnet/subnet-0d42a6aee6cbb7ea9",
                            "assign_ipv6_address_on_creation": "false",
                            "availability_zone": "us-west-2a",
                            "cidr_block": "172.31.60.0/27",
                            "id": "subnet-0d42a6aee6cbb7ea9",
                            "map_public_ip_on_launch": "false",
                            "tags.%": "1",
                            "tags.Name": "Web",
                            "vpc_id": "vpc-ec488994"
                        },
                        "meta": {
                            "e2bfb730-ecaa-11e6-8f88-34363bc7c4c0": {
                                "create": 600000000000,
                                "delete": 600000000000
                            },
                            "schema_version": "1"
                        },
                        "tainted": false
                    },
                    "deposed": [],
                    "provider": "provider.aws"
                },
                "data.aws_ami.ubuntu": {
                    "type": "aws_ami",
                    "depends_on": [],
                    "primary": {
                        "id": "ami-076e276d85f524150",
                        "attributes": {
                            "architecture": "x86_64",
                            "block_device_mappings.#": "3",
                            "block_device_mappings.1634610537.device_name": "/dev/sdb",
                            "block_device_mappings.1634610537.ebs.%": "0",
                            "block_device_mappings.1634610537.no_device": "",
                            "block_device_mappings.1634610537.virtual_name": "ephemeral0",
                            "block_device_mappings.2547816212.device_name": "/dev/sda1",
                            "block_device_mappings.2547816212.ebs.%": "6",
                            "block_device_mappings.2547816212.ebs.delete_on_termination": "true",
                            "block_device_mappings.2547816212.ebs.encrypted": "false",
                            "block_device_mappings.2547816212.ebs.iops": "0",
                            "block_device_mappings.2547816212.ebs.snapshot_id": "snap-0252bea5b37202c35",
                            "block_device_mappings.2547816212.ebs.volume_size": "8",
                            "block_device_mappings.2547816212.ebs.volume_type": "gp2",
                            "block_device_mappings.2547816212.no_device": "",
                            "block_device_mappings.2547816212.virtual_name": "",
                            "block_device_mappings.3850042718.device_name": "/dev/sdc",
                            "block_device_mappings.3850042718.ebs.%": "0",
                            "block_device_mappings.3850042718.no_device": "",
                            "block_device_mappings.3850042718.virtual_name": "ephemeral1",
                            "creation_date": "2018-11-21T01:46:40.000Z",
                            "description": "Canonical, Ubuntu, 16.04 LTS, amd64 xenial image build on 2018-11-14",
                            "filter.#": "2",
                            "filter.1585153008.name": "name",
                            "filter.1585153008.values.#": "1",
                            "filter.1585153008.values.0": "ubuntu/images/hvm-ssd/ubuntu-xenial-16.04-amd64-server-*",
                            "filter.490168357.name": "virtualization-type",
                            "filter.490168357.values.#": "1",
                            "filter.490168357.values.0": "hvm",
                            "hypervisor": "xen",
                            "id": "ami-076e276d85f524150",
                            "image_id": "ami-076e276d85f524150",
                            "image_location": "099720109477/ubuntu/images/hvm-ssd/ubuntu-xenial-16.04-amd64-server-20181114",
                            "image_type": "machine",
                            "most_recent": "true",
                            "name": "ubuntu/images/hvm-ssd/ubuntu-xenial-16.04-amd64-server-20181114",
                            "owner_id": "099720109477",
                            "product_codes.#": "0",
                            "public": "true",
                            "root_device_name": "/dev/sda1",
                            "root_device_type": "ebs",
                            "root_snapshot_id": "snap-0252bea5b37202c35",
                            "sriov_net_support": "simple",
                            "state": "available",
                            "state_reason.%": "2",
                            "state_reason.code": "UNSET",
                            "state_reason.message": "UNSET",
                            "tags.%": "0",
                            "virtualization_type": "hvm"
                        },
                        "meta": {},
                        "tainted": false
                    },
                    "deposed": [],
                    "provider": "provider.aws"
                }
            },
            "depends_on": []
        }
    ]
}
