{
    "version": 3,
    "terraform_version": "0.11.10",
    "serial": 5,
    "lineage": "1f6a55a0-6cdb-e503-b400-b1086ab31a66",
    "modules": [
        {
            "path": [
                "root"
            ],
            "outputs": {},
            "resources": {
                "aws_default_vpc.default": {
                    "type": "aws_default_vpc",
                    "depends_on": [],
                    "primary": {
                        "id": "vpc-ec488994",
                        "attributes": {
                            "arn": "arn:aws:ec2:us-west-2:964887612364:vpc/vpc-ec488994",
                            "assign_generated_ipv6_cidr_block": "false",
                            "cidr_block": "172.31.0.0/16",
                            "default_network_acl_id": "acl-48075f30",
                            "default_route_table_id": "rtb-83cf6df8",
                            "default_security_group_id": "sg-7dbf780f",
                            "dhcp_options_id": "dopt-087d8370",
                            "enable_classiclink": "false",
                            "enable_classiclink_dns_support": "false",
                            "enable_dns_hostnames": "true",
                            "enable_dns_support": "true",
                            "id": "vpc-ec488994",
                            "instance_tenancy": "default",
                            "ipv6_association_id": "",
                            "ipv6_cidr_block": "",
                            "main_route_table_id": "rtb-83cf6df8",
                            "tags.%": "1",
                            "tags.Name": "Default VPC"
                        },
                        "meta": {
                            "schema_version": "1"
                        },
                        "tainted": false
                    },
                    "deposed": [],
                    "provider": "provider.aws"
                },
                "aws_key_pair.admin": {
                    "type": "aws_key_pair",
                    "depends_on": [],
                    "primary": {
                        "id": "admin-key",
                        "attributes": {
                            "fingerprint": "41:df:80:06:33:34:b4:fd:cc:d5:79:8c:00:28:08:b4",
                            "id": "admin-key",
                            "key_name": "admin-key",
                            "public_key": "ssh-rsa AAAAB3NzaC1yc2EAAAADAQABAAABAQDReMyXDOfuGipgcQViDTr3kqfbLVbIegJI+j3Br2wgX5CQXkWoFqKKZv3JIS4RnZdyQ3HCf8hbwUA1SoW4ngOAARToLYbMA80bHilZK5AzpYoTVH9GgfruLeq/ljJJAyh33vQgk26VX63mBIlp7cgxMx96T2iSqUuNbylXHgEOhPXMytv7FT4JcxMhNIRCq9YnsS8nD7+6GrJ7tSnochTauXs3OrM8bTA0AgZfj0PrC8aDZRCEShPU9QEjGTrtIX5AVcRoP01UInk1JWfQIBk1x5WPKYUDXQIrZPyLkWJ0Y6H7qcLKyBmDqTrEuMZ6fi9zcpEFkkg3wyC9ERr/UmVx xerus@goishi"
                        },
                        "meta": {
                            "schema_version": "1"
                        },
                        "tainted": false
                    },
                    "deposed": [],
                    "provider": "provider.aws"
                },
                "aws_key_pair.ansible": {
                    "type": "aws_key_pair",
                    "depends_on": [],
                    "primary": {
                        "id": "ansible-key",
                        "attributes": {
                            "fingerprint": "de:d4:f9:91:49:d5:8c:31:6b:fe:0a:f6:36:52:4f:c0",
                            "id": "ansible-key",
                            "key_name": "ansible-key",
                            "public_key": "ssh-rsa AAAAB3NzaC1yc2EAAAADAQABAAABAQDr1Av8Kj8LqsI6cK31n4IElsxsGemzDXAI8NSCSRtTlNh8dJIIXpWnrGFSM9NU8++4qQmlYv+5uRhKS1SMZcPgRlcNGIBGLQxolFVw437zvt5O5mgLePRjgXpQWF/0fwx4iKark9Djyt8eHjSbTHCqpflT2xgFPMq0sJFJWmIMcGMkIh436AbjubvlgB8K1CGJzbTM4xHhlEywrggDekUcvXD2IKQFHAbO1pU/47krLdaOEhY0KeHnxfrBLU4RLxn1lyQkWLqLvuM+7o4j5lcMS/v3CC5t8I80uMByK76TC7qFOmZdU0jdo0tJBDzCBw1EmjIkD9urO1ZfL+r7FSbH xerus@goishi"
                        },
                        "meta": {
                            "schema_version": "1"
                        },
                        "tainted": false
                    },
                    "deposed": [],
                    "provider": "provider.aws"
                },
                "aws_security_group.allow_external_communication": {
                    "type": "aws_security_group",
                    "depends_on": [],
                    "primary": {
                        "id": "sg-0c429cfb1c2e537d2",
                        "attributes": {
                            "arn": "arn:aws:ec2:us-west-2:964887612364:security-group/sg-0c429cfb1c2e537d2",
                            "description": "Allow system reach other servers",
                            "egress.#": "1",
                            "egress.1403647648.cidr_blocks.#": "1",
                            "egress.1403647648.cidr_blocks.0": "0.0.0.0/0",
                            "egress.1403647648.description": "",
                            "egress.1403647648.from_port": "0",
                            "egress.1403647648.ipv6_cidr_blocks.#": "0",
                            "egress.1403647648.prefix_list_ids.#": "0",
                            "egress.1403647648.protocol": "tcp",
                            "egress.1403647648.security_groups.#": "0",
                            "egress.1403647648.self": "false",
                            "egress.1403647648.to_port": "65535",
                            "id": "sg-0c429cfb1c2e537d2",
                            "ingress.#": "0",
                            "name": "allow_external_communication",
                            "owner_id": "964887612364",
                            "revoke_rules_on_delete": "false",
                            "tags.%": "1",
                            "tags.Name": "allow_external_comm",
                            "vpc_id": "vpc-ec488994"
                        },
                        "meta": {
                            "e2bfb730-ecaa-11e6-8f88-34363bc7c4c0": {
                                "create": 600000000000,
                                "delete": 600000000000
                            },
                            "schema_version": "1"
                        },
                        "tainted": false
                    },
                    "deposed": [],
                    "provider": "provider.aws"
                },
                "aws_security_group.allow_mysql_internal": {
                    "type": "aws_security_group",
                    "depends_on": [
                        "aws_subnet.web-public-2a"
                    ],
                    "primary": {
                        "id": "sg-0bbf6bd543984f61d",
                        "attributes": {
                            "arn": "arn:aws:ec2:us-west-2:964887612364:security-group/sg-0bbf6bd543984f61d",
                            "description": "Allow Mysql connexion from web server",
                            "egress.#": "0",
                            "id": "sg-0bbf6bd543984f61d",
                            "ingress.#": "1",
                            "ingress.423691546.cidr_blocks.#": "1",
                            "ingress.423691546.cidr_blocks.0": "172.31.60.0/27",
                            "ingress.423691546.description": "",
                            "ingress.423691546.from_port": "3306",
                            "ingress.423691546.ipv6_cidr_blocks.#": "0",
                            "ingress.423691546.prefix_list_ids.#": "0",
                            "ingress.423691546.protocol": "tcp",
                            "ingress.423691546.security_groups.#": "0",
                            "ingress.423691546.self": "false",
                            "ingress.423691546.to_port": "3306",
                            "name": "allow_mysql_internal",
                            "owner_id": "964887612364",
                            "revoke_rules_on_delete": "false",
                            "tags.%": "1",
                            "tags.Name": "allow_mysql_internal",
                            "vpc_id": "vpc-ec488994"
                        },
                        "meta": {
                            "e2bfb730-ecaa-11e6-8f88-34363bc7c4c0": {
                                "create": 600000000000,
                                "delete": 600000000000
                            },
                            "schema_version": "1"
                        },
                        "tainted": false
                    },
                    "deposed": [],
                    "provider": "provider.aws"
                },
                "aws_security_group.allow_remote_admin": {
                    "type": "aws_security_group",
                    "depends_on": [],
                    "primary": {
                        "id": "sg-04d217145033f7e7a",
                        "attributes": {
                            "arn": "arn:aws:ec2:us-west-2:964887612364:security-group/sg-04d217145033f7e7a",
                            "description": "Allow ssh and RDP inbound traffic",
                            "egress.#": "0",
                            "id": "sg-04d217145033f7e7a",
                            "ingress.#": "2",
                            "ingress.2223400681.cidr_blocks.#": "1",
                            "ingress.2223400681.cidr_blocks.0": "0.0.0.0/0",
                            "ingress.2223400681.description": "",
                            "ingress.2223400681.from_port": "3389",
                            "ingress.2223400681.ipv6_cidr_blocks.#": "0",
                            "ingress.2223400681.prefix_list_ids.#": "0",
                            "ingress.2223400681.protocol": "tcp",
                            "ingress.2223400681.security_groups.#": "0",
                            "ingress.2223400681.self": "false",
                            "ingress.2223400681.to_port": "3389",
                            "ingress.2541437006.cidr_blocks.#": "1",
                            "ingress.2541437006.cidr_blocks.0": "0.0.0.0/0",
                            "ingress.2541437006.description": "",
                            "ingress.2541437006.from_port": "22",
                            "ingress.2541437006.ipv6_cidr_blocks.#": "0",
                            "ingress.2541437006.prefix_list_ids.#": "0",
                            "ingress.2541437006.protocol": "tcp",
                            "ingress.2541437006.security_groups.#": "0",
                            "ingress.2541437006.self": "false",
                            "ingress.2541437006.to_port": "22",
                            "name": "allow_remote_admin",
                            "owner_id": "964887612364",
                            "revoke_rules_on_delete": "false",
                            "tags.%": "1",
                            "tags.Name": "allow_remote_admin",
                            "vpc_id": "vpc-ec488994"
                        },
                        "meta": {
                            "e2bfb730-ecaa-11e6-8f88-34363bc7c4c0": {
                                "create": 600000000000,
                                "delete": 600000000000
                            },
                            "schema_version": "1"
                        },
                        "tainted": false
                    },
                    "deposed": [],
                    "provider": "provider.aws"
                },
                "aws_security_group.allow_web": {
                    "type": "aws_security_group",
                    "depends_on": [],
                    "primary": {
                        "id": "sg-0c759cf20983a1e3e",
                        "attributes": {
                            "arn": "arn:aws:ec2:us-west-2:964887612364:security-group/sg-0c759cf20983a1e3e",
                            "description": "Allow web traffic to server",
                            "egress.#": "0",
                            "id": "sg-0c759cf20983a1e3e",
                            "ingress.#": "2",
                            "ingress.2214680975.cidr_blocks.#": "1",
                            "ingress.2214680975.cidr_blocks.0": "0.0.0.0/0",
                            "ingress.2214680975.description": "",
                            "ingress.2214680975.from_port": "80",
                            "ingress.2214680975.ipv6_cidr_blocks.#": "0",
                            "ingress.2214680975.prefix_list_ids.#": "0",
                            "ingress.2214680975.protocol": "tcp",
                            "ingress.2214680975.security_groups.#": "0",
                            "ingress.2214680975.self": "false",
                            "ingress.2214680975.to_port": "80",
                            "ingress.2617001939.cidr_blocks.#": "1",
                            "ingress.2617001939.cidr_blocks.0": "0.0.0.0/0",
                            "ingress.2617001939.description": "",
                            "ingress.2617001939.from_port": "443",
                            "ingress.2617001939.ipv6_cidr_blocks.#": "0",
                            "ingress.2617001939.prefix_list_ids.#": "0",
                            "ingress.2617001939.protocol": "tcp",
                            "ingress.2617001939.security_groups.#": "0",
                            "ingress.2617001939.self": "false",
                            "ingress.2617001939.to_port": "443",
                            "name": "allow_web",
                            "owner_id": "964887612364",
                            "revoke_rules_on_delete": "false",
                            "tags.%": "1",
                            "tags.Name": "allow_web",
                            "vpc_id": "vpc-ec488994"
                        },
                        "meta": {
                            "e2bfb730-ecaa-11e6-8f88-34363bc7c4c0": {
                                "create": 600000000000,
                                "delete": 600000000000
                            },
                            "schema_version": "1"
                        },
                        "tainted": false
                    },
                    "deposed": [],
                    "provider": "provider.aws"
                },
                "aws_subnet.bd-private-2a": {
                    "type": "aws_subnet",
                    "depends_on": [
                        "aws_default_vpc.default"
                    ],
                    "primary": {
                        "id": "subnet-046ba01af671f4368",
                        "attributes": {
                            "arn": "arn:aws:ec2:us-west-2:964887612364:subnet/subnet-046ba01af671f4368",
                            "assign_ipv6_address_on_creation": "false",
                            "availability_zone": "us-west-2a",
                            "cidr_block": "172.31.50.0/27",
                            "id": "subnet-046ba01af671f4368",
                            "map_public_ip_on_launch": "false",
                            "tags.%": "1",
                            "tags.Name": "BD",
                            "vpc_id": "vpc-ec488994"
                        },
                        "meta": {
                            "e2bfb730-ecaa-11e6-8f88-34363bc7c4c0": {
                                "create": 600000000000,
                                "delete": 600000000000
                            },
                            "schema_version": "1"
                        },
                        "tainted": false
                    },
                    "deposed": [],
                    "provider": "provider.aws"
                },
                "aws_subnet.web-public-2a": {
                    "type": "aws_subnet",
                    "depends_on": [
                        "aws_default_vpc.default"
                    ],
                    "primary": {
                        "id": "subnet-0630c4e77b8562f36",
                        "attributes": {
                            "arn": "arn:aws:ec2:us-west-2:964887612364:subnet/subnet-0630c4e77b8562f36",
                            "assign_ipv6_address_on_creation": "false",
                            "availability_zone": "us-west-2a",
                            "cidr_block": "172.31.60.0/27",
                            "id": "subnet-0630c4e77b8562f36",
                            "map_public_ip_on_launch": "false",
                            "tags.%": "1",
                            "tags.Name": "Web",
                            "vpc_id": "vpc-ec488994"
                        },
                        "meta": {
                            "e2bfb730-ecaa-11e6-8f88-34363bc7c4c0": {
                                "create": 600000000000,
                                "delete": 600000000000
                            },
                            "schema_version": "1"
                        },
                        "tainted": false
                    },
                    "deposed": [],
                    "provider": "provider.aws"
                }
            },
            "depends_on": []
        }
    ]
}
