{
    "version": 3,
    "terraform_version": "0.11.10",
    "serial": 3,
    "lineage": "1f6a55a0-6cdb-e503-b400-b1086ab31a66",
    "modules": [
        {
            "path": [
                "root"
            ],
            "outputs": {},
            "resources": {
                "aws_default_vpc.default": {
                    "type": "aws_default_vpc",
                    "depends_on": [],
                    "primary": {
                        "id": "vpc-ec488994",
                        "attributes": {
                            "arn": "arn:aws:ec2:us-west-2:964887612364:vpc/vpc-ec488994",
                            "assign_generated_ipv6_cidr_block": "false",
                            "cidr_block": "172.31.0.0/16",
                            "default_network_acl_id": "acl-48075f30",
                            "default_route_table_id": "rtb-83cf6df8",
                            "default_security_group_id": "sg-7dbf780f",
                            "dhcp_options_id": "dopt-087d8370",
                            "enable_classiclink": "false",
                            "enable_classiclink_dns_support": "false",
                            "enable_dns_hostnames": "true",
                            "enable_dns_support": "true",
                            "id": "vpc-ec488994",
                            "instance_tenancy": "default",
                            "ipv6_association_id": "",
                            "ipv6_cidr_block": "",
                            "main_route_table_id": "rtb-83cf6df8",
                            "tags.%": "1",
                            "tags.Name": "Default VPC"
                        },
                        "meta": {
                            "schema_version": "1"
                        },
                        "tainted": false
                    },
                    "deposed": [],
                    "provider": "provider.aws"
                },
                "aws_key_pair.admin": {
                    "type": "aws_key_pair",
                    "depends_on": [],
                    "primary": {
                        "id": "admin-key",
                        "attributes": {
                            "fingerprint": "41:df:80:06:33:34:b4:fd:cc:d5:79:8c:00:28:08:b4",
                            "id": "admin-key",
                            "key_name": "admin-key",
                            "public_key": "ssh-rsa AAAAB3NzaC1yc2EAAAADAQABAAABAQDReMyXDOfuGipgcQViDTr3kqfbLVbIegJI+j3Br2wgX5CQXkWoFqKKZv3JIS4RnZdyQ3HCf8hbwUA1SoW4ngOAARToLYbMA80bHilZK5AzpYoTVH9GgfruLeq/ljJJAyh33vQgk26VX63mBIlp7cgxMx96T2iSqUuNbylXHgEOhPXMytv7FT4JcxMhNIRCq9YnsS8nD7+6GrJ7tSnochTauXs3OrM8bTA0AgZfj0PrC8aDZRCEShPU9QEjGTrtIX5AVcRoP01UInk1JWfQIBk1x5WPKYUDXQIrZPyLkWJ0Y6H7qcLKyBmDqTrEuMZ6fi9zcpEFkkg3wyC9ERr/UmVx xerus@goishi"
                        },
                        "meta": {
                            "schema_version": "1"
                        },
                        "tainted": false
                    },
                    "deposed": [],
                    "provider": "provider.aws"
                },
                "aws_key_pair.ansible": {
                    "type": "aws_key_pair",
                    "depends_on": [],
                    "primary": {
                        "id": "ansible-key",
                        "attributes": {
                            "fingerprint": "de:d4:f9:91:49:d5:8c:31:6b:fe:0a:f6:36:52:4f:c0",
                            "id": "ansible-key",
                            "key_name": "ansible-key",
                            "public_key": "ssh-rsa AAAAB3NzaC1yc2EAAAADAQABAAABAQDr1Av8Kj8LqsI6cK31n4IElsxsGemzDXAI8NSCSRtTlNh8dJIIXpWnrGFSM9NU8++4qQmlYv+5uRhKS1SMZcPgRlcNGIBGLQxolFVw437zvt5O5mgLePRjgXpQWF/0fwx4iKark9Djyt8eHjSbTHCqpflT2xgFPMq0sJFJWmIMcGMkIh436AbjubvlgB8K1CGJzbTM4xHhlEywrggDekUcvXD2IKQFHAbO1pU/47krLdaOEhY0KeHnxfrBLU4RLxn1lyQkWLqLvuM+7o4j5lcMS/v3CC5t8I80uMByK76TC7qFOmZdU0jdo0tJBDzCBw1EmjIkD9urO1ZfL+r7FSbH xerus@goishi"
                        },
                        "meta": {
                            "schema_version": "1"
                        },
                        "tainted": false
                    },
                    "deposed": [],
                    "provider": "provider.aws"
                },
                "aws_subnet.bd-private-2a": {
                    "type": "aws_subnet",
                    "depends_on": [
                        "aws_default_vpc.default"
                    ],
                    "primary": {
                        "id": "subnet-04a67e830ad13c44f",
                        "attributes": {
                            "arn": "arn:aws:ec2:us-west-2:964887612364:subnet/subnet-04a67e830ad13c44f",
                            "assign_ipv6_address_on_creation": "false",
                            "availability_zone": "us-west-2a",
                            "cidr_block": "172.31.50.0/27",
                            "id": "subnet-04a67e830ad13c44f",
                            "map_public_ip_on_launch": "false",
                            "tags.%": "1",
                            "tags.Name": "BD",
                            "vpc_id": "vpc-ec488994"
                        },
                        "meta": {
                            "e2bfb730-ecaa-11e6-8f88-34363bc7c4c0": {
                                "create": 600000000000,
                                "delete": 600000000000
                            },
                            "schema_version": "1"
                        },
                        "tainted": false
                    },
                    "deposed": [],
                    "provider": "provider.aws"
                },
                "aws_subnet.web-public-2a": {
                    "type": "aws_subnet",
                    "depends_on": [
                        "aws_default_vpc.default"
                    ],
                    "primary": {
                        "id": "subnet-06a4165fea30b8b51",
                        "attributes": {
                            "arn": "arn:aws:ec2:us-west-2:964887612364:subnet/subnet-06a4165fea30b8b51",
                            "assign_ipv6_address_on_creation": "false",
                            "availability_zone": "us-west-2a",
                            "cidr_block": "172.31.60.0/27",
                            "id": "subnet-06a4165fea30b8b51",
                            "map_public_ip_on_launch": "false",
                            "tags.%": "1",
                            "tags.Name": "Web",
                            "vpc_id": "vpc-ec488994"
                        },
                        "meta": {
                            "e2bfb730-ecaa-11e6-8f88-34363bc7c4c0": {
                                "create": 600000000000,
                                "delete": 600000000000
                            },
                            "schema_version": "1"
                        },
                        "tainted": false
                    },
                    "deposed": [],
                    "provider": "provider.aws"
                }
            },
            "depends_on": []
        }
    ]
}
